
Microsoft Visual Studio Solution File, Format Version 12.00
# Visual Studio Version 16
VisualStudioVersion = 16.0.32407.337
MinimumVisualStudioVersion = 10.0.40219.1
Project("{FAE04EC0-301F-11D3-BF4B-00C04F79EFBC}") = "DependencyProperties", "DependencyProperties\DependencyProperties.csproj", "{1A168EE7-E1AB-45DD-B388-062DAF64522A}"
EndProject
Global
	GlobalSection(SolutionConfigurationPlatforms) = preSolution
		Debug|Any CPU = Debug|Any CPU
		Release|Any CPU = Release|Any CPU
	EndGlobalSection
	GlobalSection(ProjectConfigurationPlatforms) = postSolution
		{1A168EE7-E1AB-45DD-B388-062DAF64522A}.Debug|Any CPU.ActiveCfg = Debug|Any CPU
		{1A168EE7-E1AB-45DD-B388-062DAF64522A}.Debug|Any CPU.Build.0 = Debug|Any CPU
		{1A168EE7-E1AB-45DD-B388-062DAF64522A}.Release|Any CPU.ActiveCfg = Release|Any CPU
		{1A168EE7-E1AB-45DD-B388-062DAF64522A}.Release|Any CPU.Build.0 = Release|Any CPU
	EndGlobalSection
	GlobalSection(SolutionProperties) = preSolution
		HideSolutionNode = FALSE
	EndGlobalSection
	GlobalSection(ExtensibilityGlobals) = postSolution
		SolutionGuid = {B21C4430-D682-45DE-A097-94A100E05BE9}
	EndGlobalSection
EndGlobal
